
Microsoft Visual Studio Solution File, Format Version 12.00
# Visual Studio Version 16
VisualStudioVersion = 16.0.30114.105
MinimumVisualStudioVersion = 10.0.40219.1
Project("{FAE04EC0-301F-11D3-BF4B-00C04F79EFBC}") = "Iterator", "Iterator\Iterator.csproj", "{89AFE96F-C5E3-4578-9D13-3C22A02F8A29}"
EndProject
Project("{FAE04EC0-301F-11D3-BF4B-00C04F79EFBC}") = "Memento", "Memento\Memento.csproj", "{95B9539F-3A97-416A-8B8B-F8E7F8E42DE2}"
EndProject
Global
	GlobalSection(SolutionConfigurationPlatforms) = preSolution
		Debug|Any CPU = Debug|Any CPU
		Release|Any CPU = Release|Any CPU
	EndGlobalSection
	GlobalSection(SolutionProperties) = preSolution
		HideSolutionNode = FALSE
	EndGlobalSection
	GlobalSection(ProjectConfigurationPlatforms) = postSolution
		{89AFE96F-C5E3-4578-9D13-3C22A02F8A29}.Debug|Any CPU.ActiveCfg = Debug|Any CPU
		{89AFE96F-C5E3-4578-9D13-3C22A02F8A29}.Debug|Any CPU.Build.0 = Debug|Any CPU
		{89AFE96F-C5E3-4578-9D13-3C22A02F8A29}.Release|Any CPU.ActiveCfg = Release|Any CPU
		{89AFE96F-C5E3-4578-9D13-3C22A02F8A29}.Release|Any CPU.Build.0 = Release|Any CPU
		{95B9539F-3A97-416A-8B8B-F8E7F8E42DE2}.Debug|Any CPU.ActiveCfg = Debug|Any CPU
		{95B9539F-3A97-416A-8B8B-F8E7F8E42DE2}.Debug|Any CPU.Build.0 = Debug|Any CPU
		{95B9539F-3A97-416A-8B8B-F8E7F8E42DE2}.Release|Any CPU.ActiveCfg = Release|Any CPU
		{95B9539F-3A97-416A-8B8B-F8E7F8E42DE2}.Release|Any CPU.Build.0 = Release|Any CPU
	EndGlobalSection
EndGlobal
